
Microsoft Visual Studio Solution File, Format Version 12.00
# Visual Studio Version 17
VisualStudioVersion = 17.2.32516.85
MinimumVisualStudioVersion = 10.0.40219.1
Project("{FAE04EC0-301F-11D3-BF4B-00C04F79EFBC}") = "Student", "Student\Student.csproj", "{EA606E20-BC6F-4B28-8DA7-55AC6CE179AB}"
EndProject
Global
	GlobalSection(SolutionConfigurationPlatforms) = preSolution
		Debug|Any CPU = Debug|Any CPU
		Release|Any CPU = Release|Any CPU
	EndGlobalSection
	GlobalSection(ProjectConfigurationPlatforms) = postSolution
		{EA606E20-BC6F-4B28-8DA7-55AC6CE179AB}.Debug|Any CPU.ActiveCfg = Debug|Any CPU
		{EA606E20-BC6F-4B28-8DA7-55AC6CE179AB}.Debug|Any CPU.Build.0 = Debug|Any CPU
		{EA606E20-BC6F-4B28-8DA7-55AC6CE179AB}.Release|Any CPU.ActiveCfg = Release|Any CPU
		{EA606E20-BC6F-4B28-8DA7-55AC6CE179AB}.Release|Any CPU.Build.0 = Release|Any CPU
	EndGlobalSection
	GlobalSection(SolutionProperties) = preSolution
		HideSolutionNode = FALSE
	EndGlobalSection
	GlobalSection(ExtensibilityGlobals) = postSolution
		SolutionGuid = {546E40DF-3796-4C0C-A81F-CB5A362AB77E}
	EndGlobalSection
EndGlobal
